
Microsoft Visual Studio Solution File, Format Version 12.00
# Visual Studio Version 16
VisualStudioVersion = 16.0.32929.386
MinimumVisualStudioVersion = 10.0.40219.1
Project("{FAE04EC0-301F-11D3-BF4B-00C04F79EFBC}") = "AloneWork_2-2.20", "AloneWork_2-2.20\AloneWork_2-2.20.csproj", "{19E1C3A9-ACC6-47D9-8F8D-FDF0E982C6F2}"
EndProject
Global
	GlobalSection(SolutionConfigurationPlatforms) = preSolution
		Debug|Any CPU = Debug|Any CPU
		Release|Any CPU = Release|Any CPU
	EndGlobalSection
	GlobalSection(ProjectConfigurationPlatforms) = postSolution
		{19E1C3A9-ACC6-47D9-8F8D-FDF0E982C6F2}.Debug|Any CPU.ActiveCfg = Debug|Any CPU
		{19E1C3A9-ACC6-47D9-8F8D-FDF0E982C6F2}.Debug|Any CPU.Build.0 = Debug|Any CPU
		{19E1C3A9-ACC6-47D9-8F8D-FDF0E982C6F2}.Release|Any CPU.ActiveCfg = Release|Any CPU
		{19E1C3A9-ACC6-47D9-8F8D-FDF0E982C6F2}.Release|Any CPU.Build.0 = Release|Any CPU
	EndGlobalSection
	GlobalSection(SolutionProperties) = preSolution
		HideSolutionNode = FALSE
	EndGlobalSection
	GlobalSection(ExtensibilityGlobals) = postSolution
		SolutionGuid = {AB483CAB-ADAA-45CF-BCEB-8D7BE12F26D2}
	EndGlobalSection
EndGlobal
